
Microsoft Visual Studio Solution File, Format Version 12.00
# Visual Studio Version 16
VisualStudioVersion = 16.0.30523.141
MinimumVisualStudioVersion = 10.0.40219.1
Project("{9A19103F-16F7-4668-BE54-9A1E7A4F7556}") = "MMNet", "MMNet.csproj", "{AC96D9F8-1D33-43D2-9C32-191C601E1073}"
EndProject
Global
	GlobalSection(SolutionConfigurationPlatforms) = preSolution
		Debug|Any CPU = Debug|Any CPU
		Release|Any CPU = Release|Any CPU
	EndGlobalSection
	GlobalSection(ProjectConfigurationPlatforms) = postSolution
		{AC96D9F8-1D33-43D2-9C32-191C601E1073}.Debug|Any CPU.ActiveCfg = Debug|Any CPU
		{AC96D9F8-1D33-43D2-9C32-191C601E1073}.Debug|Any CPU.Build.0 = Debug|Any CPU
		{AC96D9F8-1D33-43D2-9C32-191C601E1073}.Release|Any CPU.ActiveCfg = Release|Any CPU
		{AC96D9F8-1D33-43D2-9C32-191C601E1073}.Release|Any CPU.Build.0 = Release|Any CPU
	EndGlobalSection
	GlobalSection(SolutionProperties) = preSolution
		HideSolutionNode = FALSE
	EndGlobalSection
	GlobalSection(ExtensibilityGlobals) = postSolution
		SolutionGuid = {4FEE892A-B0BF-442B-8291-436360778A48}
	EndGlobalSection
EndGlobal
